
Microsoft Visual Studio Solution File, Format Version 12.00
# Visual Studio Version 17
VisualStudioVersion = 17.14.36623.8 d17.14
MinimumVisualStudioVersion = 10.0.40219.1
Project("{FAE04EC0-301F-11D3-BF4B-00C04F79EFBC}") = "D&D", "D&D\D&D.csproj", "{00983D9B-45C3-4B33-9E6A-DA357C5EFA06}"
EndProject
Global
	GlobalSection(SolutionConfigurationPlatforms) = preSolution
		Debug|Any CPU = Debug|Any CPU
		Release|Any CPU = Release|Any CPU
	EndGlobalSection
	GlobalSection(ProjectConfigurationPlatforms) = postSolution
		{00983D9B-45C3-4B33-9E6A-DA357C5EFA06}.Debug|Any CPU.ActiveCfg = Debug|Any CPU
		{00983D9B-45C3-4B33-9E6A-DA357C5EFA06}.Debug|Any CPU.Build.0 = Debug|Any CPU
		{00983D9B-45C3-4B33-9E6A-DA357C5EFA06}.Release|Any CPU.ActiveCfg = Release|Any CPU
		{00983D9B-45C3-4B33-9E6A-DA357C5EFA06}.Release|Any CPU.Build.0 = Release|Any CPU
	EndGlobalSection
	GlobalSection(SolutionProperties) = preSolution
		HideSolutionNode = FALSE
	EndGlobalSection
	GlobalSection(ExtensibilityGlobals) = postSolution
		SolutionGuid = {FA51AB91-8941-42B1-8B70-DCB0D6503A10}
	EndGlobalSection
EndGlobal
